
Microsoft Visual Studio Solution File, Format Version 12.00
Project("{FAE04EC0-301F-11D3-BF4B-00C04F79EFBC}") = "BaiTapVeNha", "BaiTapVeNha\BaiTapVeNha.csproj", "{613A9832-E838-4302-94DB-4ACF421CF699}"
EndProject
Global
	GlobalSection(SolutionConfigurationPlatforms) = preSolution
		Debug|Any CPU = Debug|Any CPU
		Release|Any CPU = Release|Any CPU
	EndGlobalSection
	GlobalSection(ProjectConfigurationPlatforms) = postSolution
		{613A9832-E838-4302-94DB-4ACF421CF699}.Debug|Any CPU.ActiveCfg = Debug|Any CPU
		{613A9832-E838-4302-94DB-4ACF421CF699}.Debug|Any CPU.Build.0 = Debug|Any CPU
		{613A9832-E838-4302-94DB-4ACF421CF699}.Release|Any CPU.ActiveCfg = Release|Any CPU
		{613A9832-E838-4302-94DB-4ACF421CF699}.Release|Any CPU.Build.0 = Release|Any CPU
	EndGlobalSection
EndGlobal
